// !$*UTF8*$!
{
	archiveVersion = 1;
	classes = {
	};
	objectVersion = 77;
	objects = {

/* Begin PBXBuildFile section */
		2C66A9152E7028E600757C3E /* SpriteKit.framework in Frameworks */ = {isa = PBXBuildFile; fileRef = 2C66A9142E7028E600757C3E /* SpriteKit.framework */; };
		2C66A9172E7028F400757C3E /* AVFoundation.framework in Frameworks */ = {isa = PBXBuildFile; fileRef = 2C66A9162E7028F400757C3E /* AVFoundation.framework */; };
/* End PBXBuildFile section */

/* Begin PBXContainerItemProxy section */
		2C66A8F72E70216C00757C3E /* PBXContainerItemProxy */ = {
			isa = PBXContainerItemProxy;
			containerPortal = 2C66A8E12E70216900757C3E /* Project object */;
			proxyType = 1;
			remoteGlobalIDString = 2C66A8E82E70216900757C3E;
			remoteInfo = "mini-chess";
		};
		2C66A9012E70216C00757C3E /* PBXContainerItemProxy */ = {
			isa = PBXContainerItemProxy;
			containerPortal = 2C66A8E12E70216900757C3E /* Project object */;
			proxyType = 1;
			remoteGlobalIDString = 2C66A8E82E70216900757C3E;
			remoteInfo = "mini-chess";
		};
/* End PBXContainerItemProxy section */

/* Begin PBXFileReference section */
		2C66A8E92E70216900757C3E /* mini-chess.app */ = {isa = PBXFileReference; explicitFileType = wrapper.application; includeInIndex = 0; path = "mini-chess.app"; sourceTree = BUILT_PRODUCTS_DIR; };
		2C66A8F62E70216C00757C3E /* mini-chessTests.xctest */ = {isa = PBXFileReference; explicitFileType = wrapper.cfbundle; includeInIndex = 0; path = "mini-chessTests.xctest"; sourceTree = BUILT_PRODUCTS_DIR; };
		2C66A9002E70216C00757C3E /* mini-chessUITests.xctest */ = {isa = PBXFileReference; explicitFileType = wrapper.cfbundle; includeInIndex = 0; path = "mini-chessUITests.xctest"; sourceTree = BUILT_PRODUCTS_DIR; };
		2C66A9142E7028E600757C3E /* SpriteKit.framework */ = {isa = PBXFileReference; lastKnownFileType = wrapper.framework; name = SpriteKit.framework; path = System/Library/Frameworks/SpriteKit.framework; sourceTree = SDKROOT; };
		2C66A9162E7028F400757C3E /* AVFoundation.framework */ = {isa = PBXFileReference; lastKnownFileType = wrapper.framework; name = AVFoundation.framework; path = System/Library/Frameworks/AVFoundation.framework; sourceTree = SDKROOT; };
/* End PBXFileReference section */

/* Begin PBXFileSystemSynchronizedRootGroup section */
		2C66A8EB2E70216900757C3E /* mini-chess */ = {
			isa = PBXFileSystemSynchronizedRootGroup;
			path = "mini-chess";
			sourceTree = "<group>";
		};
		2C66A8F92E70216C00757C3E /* mini-chessTests */ = {
			isa = PBXFileSystemSynchronizedRootGroup;
			path = "mini-chessTests";
			sourceTree = "<group>";
		};
		2C66A9032E70216C00757C3E /* mini-chessUITests */ = {
			isa = PBXFileSystemSynchronizedRootGroup;
			path = "mini-chessUITests";
			sourceTree = "<group>";
		};
/* End PBXFileSystemSynchronizedRootGroup section */

/* Begin PBXFrameworksBuildPhase section */
		2C66A8E62E70216900757C3E /* Frameworks */ = {
			isa = PBXFrameworksBuildPhase;
			buildActionMask = 2147483647;
			files = (
				2C66A9172E7028F400757C3E /* AVFoundation.framework in Frameworks */,
				2C66A9152E7028E600757C3E /* SpriteKit.framework in Frameworks */,
			);
			runOnlyForDeploymentPostprocessing = 0;
		};
		2C66A8F32E70216C00757C3E /* Frameworks */ = {
			isa = PBXFrameworksBuildPhase;
			buildActionMask = 2147483647;
			files = (
			);
			runOnlyForDeploymentPostprocessing = 0;
		};
		2C66A8FD2E70216C00757C3E /* Frameworks */ = {
			isa = PBXFrameworksBuildPhase;
			buildActionMask = 2147483647;
			files = (
			);
			runOnlyForDeploymentPostprocessing = 0;
		};
/* End PBXFrameworksBuildPhase section */

/* Begin PBXGroup section */
		2C66A8E02E70216900757C3E = {
			isa = PBXGroup;
			children = (
				2C66A8EB2E70216900757C3E /* mini-chess */,
				2C66A8F92E70216C00757C3E /* mini-chessTests */,
				2C66A9032E70216C00757C3E /* mini-chessUITests */,
				2C66A9132E7028E500757C3E /* Frameworks */,
				2C66A8EA2E70216900757C3E /* Products */,
			);
			sourceTree = "<group>";
		};
		2C66A8EA2E70216900757C3E /* Products */ = {
			isa = PBXGroup;
			children = (
				2C66A8E92E70216900757C3E /* mini-chess.app */,
				2C66A8F62E70216C00757C3E /* mini-chessTests.xctest */,
				2C66A9002E70216C00757C3E /* mini-chessUITests.xctest */,
			);
			name = Products;
			sourceTree = "<group>";
		};
		2C66A9132E7028E500757C3E /* Frameworks */ = {
			isa = PBXGroup;
			children = (
				2C66A9162E7028F400757C3E /* AVFoundation.framework */,
				2C66A9142E7028E600757C3E /* SpriteKit.framework */,
			);
			name = Frameworks;
			sourceTree = "<group>";
		};
/* End PBXGroup section */

/* Begin PBXNativeTarget section */
		2C66A8E82E70216900757C3E /* mini-chess */ = {
			isa = PBXNativeTarget;
			buildConfigurationList = 2C66A90A2E70216C00757C3E /* Build configuration list for PBXNativeTarget "mini-chess" */;
			buildPhases = (
				2C66A8E52E70216900757C3E /* Sources */,
				2C66A8E62E70216900757C3E /* Frameworks */,
				2C66A8E72E70216900757C3E /* Resources */,
			);
			buildRules = (
			);
			dependencies = (
			);
			fileSystemSynchronizedGroups = (
				2C66A8EB2E70216900757C3E /* mini-chess */,
			);
			name = "mini-chess";
			packageProductDependencies = (
			);
			productName = "mini-chess";
			productReference = 2C66A8E92E70216900757C3E /* mini-chess.app */;
			productType = "com.apple.product-type.application";
		};
		2C66A8F52E70216C00757C3E /* mini-chessTests */ = {
			isa = PBXNativeTarget;
			buildConfigurationList = 2C66A90D2E70216C00757C3E /* Build configuration list for PBXNativeTarget "mini-chessTests" */;
			buildPhases = (
				2C66A8F22E70216C00757C3E /* Sources */,
				2C66A8F32E70216C00757C3E /* Frameworks */,
				2C66A8F42E70216C00757C3E /* Resources */,
			);
			buildRules = (
			);
			dependencies = (
				2C66A8F82E70216C00757C3E /* PBXTargetDependency */,
			);
			fileSystemSynchronizedGroups = (
				2C66A8F92E70216C00757C3E /* mini-chessTests */,
			);
			name = "mini-chessTests";
			packageProductDependencies = (
			);
			productName = "mini-chessTests";
			productReference = 2C66A8F62E70216C00757C3E /* mini-chessTests.xctest */;
			productType = "com.apple.product-type.bundle.unit-test";
		};
		2C66A8FF2E70216C00757C3E /* mini-chessUITests */ = {
			isa = PBXNativeTarget;
			buildConfigurationList = 2C66A9102E70216C00757C3E /* Build configuration list for PBXNativeTarget "mini-chessUITests" */;
			buildPhases = (
				2C66A8FC2E70216C00757C3E /* Sources */,
				2C66A8FD2E70216C00757C3E /* Frameworks */,
				2C66A8FE2E70216C00757C3E /* Resources */,
			);
			buildRules = (
			);
			dependencies = (
				2C66A9022E70216C00757C3E /* PBXTargetDependency */,
			);
			fileSystemSynchronizedGroups = (
				2C66A9032E70216C00757C3E /* mini-chessUITests */,
			);
			name = "mini-chessUITests";
			packageProductDependencies = (
			);
			productName = "mini-chessUITests";
			productReference = 2C66A9002E70216C00757C3E /* mini-chessUITests.xctest */;
			productType = "com.apple.product-type.bundle.ui-testing";
		};
/* End PBXNativeTarget section */

/* Begin PBXProject section */
		2C66A8E12E70216900757C3E /* Project object */ = {
			isa = PBXProject;
			attributes = {
				BuildIndependentTargetsInParallel = 1;
				LastSwiftUpdateCheck = 1630;
				LastUpgradeCheck = 1630;
				TargetAttributes = {
					2C66A8E82E70216900757C3E = {
						CreatedOnToolsVersion = 16.3;
						LastSwiftMigration = 1630;
					};
					2C66A8F52E70216C00757C3E = {
						CreatedOnToolsVersion = 16.3;
						TestTargetID = 2C66A8E82E70216900757C3E;
					};
					2C66A8FF2E70216C00757C3E = {
						CreatedOnToolsVersion = 16.3;
						TestTargetID = 2C66A8E82E70216900757C3E;
					};
				};
			};
			buildConfigurationList = 2C66A8E42E70216900757C3E /* Build configuration list for PBXProject "mini-chess" */;
			developmentRegion = en;
			hasScannedForEncodings = 0;
			knownRegions = (
				en,
				Base,
			);
			mainGroup = 2C66A8E02E70216900757C3E;
			minimizedProjectReferenceProxies = 1;
			preferredProjectObjectVersion = 77;
			productRefGroup = 2C66A8EA2E70216900757C3E /* Products */;
			projectDirPath = "";
			projectRoot = "";
			targets = (
				2C66A8E82E70216900757C3E /* mini-chess */,
				2C66A8F52E70216C00757C3E /* mini-chessTests */,
				2C66A8FF2E70216C00757C3E /* mini-chessUITests */,
			);
		};
/* End PBXProject section */

/* Begin PBXResourcesBuildPhase section */
		2C66A8E72E70216900757C3E /* Resources */ = {
			isa = PBXResourcesBuildPhase;
			buildActionMask = 2147483647;
			files = (
			);
			runOnlyForDeploymentPostprocessing = 0;
		};
		2C66A8F42E70216C00757C3E /* Resources */ = {
			isa = PBXResourcesBuildPhase;
			buildActionMask = 2147483647;
			files = (
			);
			runOnlyForDeploymentPostprocessing = 0;
		};
		2C66A8FE2E70216C00757C3E /* Resources */ = {
			isa = PBXResourcesBuildPhase;
			buildActionMask = 2147483647;
			files = (
			);
			runOnlyForDeploymentPostprocessing = 0;
		};
/* End PBXResourcesBuildPhase section */

/* Begin PBXSourcesBuildPhase section */
		2C66A8E52E70216900757C3E /* Sources */ = {
			isa = PBXSourcesBuildPhase;
			buildActionMask = 2147483647;
			files = (
			);
			runOnlyForDeploymentPostprocessing = 0;
		};
		2C66A8F22E70216C00757C3E /* Sources */ = {
			isa = PBXSourcesBuildPhase;
			buildActionMask = 2147483647;
			files = (
			);
			runOnlyForDeploymentPostprocessing = 0;
		};
		2C66A8FC2E70216C00757C3E /* Sources */ = {
			isa = PBXSourcesBuildPhase;
			buildActionMask = 2147483647;
			files = (
			);
			runOnlyForDeploymentPostprocessing = 0;
		};
/* End PBXSourcesBuildPhase section */

/* Begin PBXTargetDependency section */
		2C66A8F82E70216C00757C3E /* PBXTargetDependency */ = {
			isa = PBXTargetDependency;
			target = 2C66A8E82E70216900757C3E /* mini-chess */;
			targetProxy = 2C66A8F72E70216C00757C3E /* PBXContainerItemProxy */;
		};
		2C66A9022E70216C00757C3E /* PBXTargetDependency */ = {
			isa = PBXTargetDependency;
			target = 2C66A8E82E70216900757C3E /* mini-chess */;
			targetProxy = 2C66A9012E70216C00757C3E /* PBXContainerItemProxy */;
		};
/* End PBXTargetDependency section */

/* Begin XCBuildConfiguration section */
		2C66A9082E70216C00757C3E /* Debug */ = {
			isa = XCBuildConfiguration;
			buildSettings = {
				ALWAYS_SEARCH_USER_PATHS = NO;
				ASSETCATALOG_COMPILER_GENERATE_SWIFT_ASSET_SYMBOL_EXTENSIONS = YES;
				CLANG_ANALYZER_NONNULL = YES;
				CLANG_ANALYZER_NUMBER_OBJECT_CONVERSION = YES_AGGRESSIVE;
				CLANG_CXX_LANGUAGE_STANDARD = "gnu++20";
				CLANG_ENABLE_MODULES = YES;
				CLANG_ENABLE_OBJC_ARC = YES;
				CLANG_ENABLE_OBJC_WEAK = YES;
				CLANG_WARN_BLOCK_CAPTURE_AUTORELEASING = YES;
				CLANG_WARN_BOOL_CONVERSION = YES;
				CLANG_WARN_COMMA = YES;
				CLANG_WARN_CONSTANT_CONVERSION = YES;
				CLANG_WARN_DEPRECATED_OBJC_IMPLEMENTATIONS = YES;
				CLANG_WARN_DIRECT_OBJC_ISA_USAGE = YES_ERROR;
				CLANG_WARN_DOCUMENTATION_COMMENTS = YES;
				CLANG_WARN_EMPTY_BODY = YES;
				CLANG_WARN_ENUM_CONVERSION = YES;
				CLANG_WARN_INFINITE_RECURSION = YES;
				CLANG_WARN_INT_CONVERSION = YES;
				CLANG_WARN_NON_LITERAL_NULL_CONVERSION = YES;
				CLANG_WARN_OBJC_IMPLICIT_RETAIN_SELF = YES;
				CLANG_WARN_OBJC_LITERAL_CONVERSION = YES;
				CLANG_WARN_OBJC_ROOT_CLASS = YES_ERROR;
				CLANG_WARN_QUOTED_INCLUDE_IN_FRAMEWORK_HEADER = YES;
				CLANG_WARN_RANGE_LOOP_ANALYSIS = YES;
				CLANG_WARN_STRICT_PROTOTYPES = YES;
				CLANG_WARN_SUSPICIOUS_MOVE = YES;
				CLANG_WARN_UNGUARDED_AVAILABILITY = YES_AGGRESSIVE;
				CLANG_WARN_UNREACHABLE_CODE = YES;
				CLANG_WARN__DUPLICATE_METHOD_MATCH = YES;
				COPY_PHASE_STRIP = NO;
				DEBUG_INFORMATION_FORMAT = dwarf;
				ENABLE_STRICT_OBJC_MSGSEND = YES;
				ENABLE_TESTABILITY = YES;
				ENABLE_USER_SCRIPT_SANDBOXING = YES;
				GCC_C_LANGUAGE_STANDARD = gnu17;
				GCC_DYNAMIC_NO_PIC = NO;
				GCC_NO_COMMON_BLOCKS = YES;
				GCC_OPTIMIZATION_LEVEL = 0;
				GCC_PREPROCESSOR_DEFINITIONS = (
					"DEBUG=1",
					"$(inherited)",
				);
				GCC_WARN_64_TO_32_BIT_CONVERSION = YES;
				GCC_WARN_ABOUT_RETURN_TYPE = YES_ERROR;
				GCC_WARN_UNDECLARED_SELECTOR = YES;
				GCC_WARN_UNINITIALIZED_AUTOS = YES_AGGRESSIVE;
				GCC_WARN_UNUSED_FUNCTION = YES;
				GCC_WARN_UNUSED_VARIABLE = YES;
				IPHONEOS_DEPLOYMENT_TARGET = 16.0;
				LOCALIZATION_PREFERS_STRING_CATALOGS = YES;
				MTL_ENABLE_DEBUG_INFO = INCLUDE_SOURCE;
				MTL_FAST_MATH = YES;
				ONLY_ACTIVE_ARCH = YES;
				SDKROOT = iphoneos;
				SWIFT_ACTIVE_COMPILATION_CONDITIONS = "DEBUG $(inherited)";
				SWIFT_OPTIMIZATION_LEVEL = "-Onone";
			};
			name = Debug;
		};
		2C66A9092E70216C00757C3E /* Release */ = {
			isa = XCBuildConfiguration;
			buildSettings = {
				ALWAYS_SEARCH_USER_PATHS = NO;
				ASSETCATALOG_COMPILER_GENERATE_SWIFT_ASSET_SYMBOL_EXTENSIONS = YES;
				CLANG_ANALYZER_NONNULL = YES;
				CLANG_ANALYZER_NUMBER_OBJECT_CONVERSION = YES_AGGRESSIVE;
				CLANG_CXX_LANGUAGE_STANDARD = "gnu++20";
				CLANG_ENABLE_MODULES = YES;
				CLANG_ENABLE_OBJC_ARC = YES;
				CLANG_ENABLE_OBJC_WEAK = YES;
				CLANG_WARN_BLOCK_CAPTURE_AUTORELEASING = YES;
				CLANG_WARN_BOOL_CONVERSION = YES;
				CLANG_WARN_COMMA = YES;
				CLANG_WARN_CONSTANT_CONVERSION = YES;
				CLANG_WARN_DEPRECATED_OBJC_IMPLEMENTATIONS = YES;
				CLANG_WARN_DIRECT_OBJC_ISA_USAGE = YES_ERROR;
				CLANG_WARN_DOCUMENTATION_COMMENTS = YES;
				CLANG_WARN_EMPTY_BODY = YES;
				CLANG_WARN_ENUM_CONVERSION = YES;
				CLANG_WARN_INFINITE_RECURSION = YES;
				CLANG_WARN_INT_CONVERSION = YES;
				CLANG_WARN_NON_LITERAL_NULL_CONVERSION = YES;
				CLANG_WARN_OBJC_IMPLICIT_RETAIN_SELF = YES;
				CLANG_WARN_OBJC_LITERAL_CONVERSION = YES;
				CLANG_WARN_OBJC_ROOT_CLASS = YES_ERROR;
				CLANG_WARN_QUOTED_INCLUDE_IN_FRAMEWORK_HEADER = YES;
				CLANG_WARN_RANGE_LOOP_ANALYSIS = YES;
				CLANG_WARN_STRICT_PROTOTYPES = YES;
				CLANG_WARN_SUSPICIOUS_MOVE = YES;
				CLANG_WARN_UNGUARDED_AVAILABILITY = YES_AGGRESSIVE;
				CLANG_WARN_UNREACHABLE_CODE = YES;
				CLANG_WARN__DUPLICATE_METHOD_MATCH = YES;
				COPY_PHASE_STRIP = NO;
				DEBUG_INFORMATION_FORMAT = "dwarf-with-dsym";
				ENABLE_NS_ASSERTIONS = NO;
				ENABLE_STRICT_OBJC_MSGSEND = YES;
				ENABLE_USER_SCRIPT_SANDBOXING = YES;
				GCC_C_LANGUAGE_STANDARD = gnu17;
				GCC_NO_COMMON_BLOCKS = YES;
				GCC_WARN_64_TO_32_BIT_CONVERSION = YES;
				GCC_WARN_ABOUT_RETURN_TYPE = YES_ERROR;
				GCC_WARN_UNDECLARED_SELECTOR = YES;
				GCC_WARN_UNINITIALIZED_AUTOS = YES_AGGRESSIVE;
				GCC_WARN_UNUSED_FUNCTION = YES;
				GCC_WARN_UNUSED_VARIABLE = YES;
				IPHONEOS_DEPLOYMENT_TARGET = 16.0;
				LOCALIZATION_PREFERS_STRING_CATALOGS = YES;
				MTL_ENABLE_DEBUG_INFO = NO;
				MTL_FAST_MATH = YES;
				SDKROOT = iphoneos;
				SWIFT_COMPILATION_MODE = wholemodule;
				VALIDATE_PRODUCT = YES;
			};
			name = Release;
		};
		2C66A90B2E70216C00757C3E /* Debug */ = {
			isa = XCBuildConfiguration;
			buildSettings = {
				ASSETCATALOG_COMPILER_APPICON_NAME = AppIcon;
				ASSETCATALOG_COMPILER_GLOBAL_ACCENT_COLOR_NAME = AccentColor;
				CLANG_ENABLE_MODULES = YES;
				CODE_SIGN_STYLE = Automatic;
				CURRENT_PROJECT_VERSION = 1;
				ENABLE_PREVIEWS = YES;
				GENERATE_INFOPLIST_FILE = YES;
				INFOPLIST_KEY_UIApplicationSceneManifest_Generation = YES;
				INFOPLIST_KEY_UIApplicationSupportsIndirectInputEvents = YES;
				INFOPLIST_KEY_UIApplicationSupportsMultipleScenes = NO;
				INFOPLIST_KEY_UILaunchScreen_Generation = NO;
				INFOPLIST_KEY_UILaunchStoryboardName = LaunchScreen;
				INFOPLIST_KEY_UISupportedInterfaceOrientations_iPad = "UIInterfaceOrientationPortrait UIInterfaceOrientationPortraitUpsideDown UIInterfaceOrientationLandscapeLeft UIInterfaceOrientationLandscapeRight";
				INFOPLIST_KEY_UISupportedInterfaceOrientations_iPhone = "UIInterfaceOrientationPortrait UIInterfaceOrientationLandscapeLeft UIInterfaceOrientationLandscapeRight";
				LD_RUNPATH_SEARCH_PATHS = (
					"$(inherited)",
					"@executable_path/Frameworks",
				);
				MARKETING_VERSION = 1.0;
				PRODUCT_BUNDLE_IDENTIFIER = "mini-chess.mini-chess";
				PRODUCT_NAME = "$(TARGET_NAME)";
				REGISTER_APP_GROUPS = YES;
				SUPPORTED_PLATFORMS = "iphoneos iphonesimulator macosx";
				SUPPORTS_MACCATALYST = NO;
				SWIFT_EMIT_LOC_STRINGS = YES;
				SWIFT_OPTIMIZATION_LEVEL = "-Onone";
				SWIFT_VERSION = 5.0;
				TARGETED_DEVICE_FAMILY = "1,2";
			};
			name = Debug;
		};
		2C66A90C2E70216C00757C3E /* Release */ = {
			isa = XCBuildConfiguration;
			buildSettings = {
				ASSETCATALOG_COMPILER_APPICON_NAME = AppIcon;
				ASSETCATALOG_COMPILER_GLOBAL_ACCENT_COLOR_NAME = AccentColor;
				CLANG_ENABLE_MODULES = YES;
				CODE_SIGN_STYLE = Automatic;
				CURRENT_PROJECT_VERSION = 1;
				ENABLE_PREVIEWS = YES;
				GENERATE_INFOPLIST_FILE = YES;
				INFOPLIST_KEY_UIApplicationSceneManifest_Generation = YES;
				INFOPLIST_KEY_UIApplicationSupportsIndirectInputEvents = YES;
				INFOPLIST_KEY_UIApplicationSupportsMultipleScenes = NO;
				INFOPLIST_KEY_UILaunchScreen_Generation = NO;
				INFOPLIST_KEY_UILaunchStoryboardName = LaunchScreen;
				INFOPLIST_KEY_UISupportedInterfaceOrientations_iPad = "UIInterfaceOrientationPortrait UIInterfaceOrientationPortraitUpsideDown UIInterfaceOrientationLandscapeLeft UIInterfaceOrientationLandscapeRight";
				INFOPLIST_KEY_UISupportedInterfaceOrientations_iPhone = "UIInterfaceOrientationPortrait UIInterfaceOrientationLandscapeLeft UIInterfaceOrientationLandscapeRight";
				LD_RUNPATH_SEARCH_PATHS = (
					"$(inherited)",
					"@executable_path/Frameworks",
				);
				MARKETING_VERSION = 1.0;
				PRODUCT_BUNDLE_IDENTIFIER = "mini-chess.mini-chess";
				PRODUCT_NAME = "$(TARGET_NAME)";
				REGISTER_APP_GROUPS = YES;
				SUPPORTED_PLATFORMS = "iphoneos iphonesimulator macosx";
				SUPPORTS_MACCATALYST = NO;
				SWIFT_EMIT_LOC_STRINGS = YES;
				SWIFT_VERSION = 5.0;
				TARGETED_DEVICE_FAMILY = "1,2";
			};
			name = Release;
		};
		2C66A90E2E70216C00757C3E /* Debug */ = {
			isa = XCBuildConfiguration;
			buildSettings = {
				BUNDLE_LOADER = "$(TEST_HOST)";
				CODE_SIGN_STYLE = Automatic;
				CURRENT_PROJECT_VERSION = 1;
				GENERATE_INFOPLIST_FILE = YES;
				IPHONEOS_DEPLOYMENT_TARGET = 16.0;
				MARKETING_VERSION = 1.0;
				PRODUCT_BUNDLE_IDENTIFIER = "mini-chess.mini-chessTests";
				PRODUCT_NAME = "$(TARGET_NAME)";
				SWIFT_EMIT_LOC_STRINGS = NO;
				SWIFT_VERSION = 5.0;
				TARGETED_DEVICE_FAMILY = "1,2";
				TEST_HOST = "$(BUILT_PRODUCTS_DIR)/mini-chess.app/$(BUNDLE_EXECUTABLE_FOLDER_PATH)/mini-chess";
			};
			name = Debug;
		};
		2C66A90F2E70216C00757C3E /* Release */ = {
			isa = XCBuildConfiguration;
			buildSettings = {
				BUNDLE_LOADER = "$(TEST_HOST)";
				CODE_SIGN_STYLE = Automatic;
				CURRENT_PROJECT_VERSION = 1;
				GENERATE_INFOPLIST_FILE = YES;
				IPHONEOS_DEPLOYMENT_TARGET = 16.0;
				MARKETING_VERSION = 1.0;
				PRODUCT_BUNDLE_IDENTIFIER = "mini-chess.mini-chessTests";
				PRODUCT_NAME = "$(TARGET_NAME)";
				SWIFT_EMIT_LOC_STRINGS = NO;
				SWIFT_VERSION = 5.0;
				TARGETED_DEVICE_FAMILY = "1,2";
				TEST_HOST = "$(BUILT_PRODUCTS_DIR)/mini-chess.app/$(BUNDLE_EXECUTABLE_FOLDER_PATH)/mini-chess";
			};
			name = Release;
		};
		2C66A9112E70216C00757C3E /* Debug */ = {
			isa = XCBuildConfiguration;
			buildSettings = {
				CODE_SIGN_STYLE = Automatic;
				CURRENT_PROJECT_VERSION = 1;
				GENERATE_INFOPLIST_FILE = YES;
				MARKETING_VERSION = 1.0;
				PRODUCT_BUNDLE_IDENTIFIER = "mini-chess.mini-chessUITests";
				PRODUCT_NAME = "$(TARGET_NAME)";
				SWIFT_EMIT_LOC_STRINGS = NO;
				SWIFT_VERSION = 5.0;
				TARGETED_DEVICE_FAMILY = "1,2";
				TEST_TARGET_NAME = "mini-chess";
			};
			name = Debug;
		};
		2C66A9122E70216C00757C3E /* Release */ = {
			isa = XCBuildConfiguration;
			buildSettings = {
				CODE_SIGN_STYLE = Automatic;
				CURRENT_PROJECT_VERSION = 1;
				GENERATE_INFOPLIST_FILE = YES;
				MARKETING_VERSION = 1.0;
				PRODUCT_BUNDLE_IDENTIFIER = "mini-chess.mini-chessUITests";
				PRODUCT_NAME = "$(TARGET_NAME)";
				SWIFT_EMIT_LOC_STRINGS = NO;
				SWIFT_VERSION = 5.0;
				TARGETED_DEVICE_FAMILY = "1,2";
				TEST_TARGET_NAME = "mini-chess";
			};
			name = Release;
		};
/* End XCBuildConfiguration section */

/* Begin XCConfigurationList section */
		2C66A8E42E70216900757C3E /* Build configuration list for PBXProject "mini-chess" */ = {
			isa = XCConfigurationList;
			buildConfigurations = (
				2C66A9082E70216C00757C3E /* Debug */,
				2C66A9092E70216C00757C3E /* Release */,
			);
			defaultConfigurationIsVisible = 0;
			defaultConfigurationName = Release;
		};
		2C66A90A2E70216C00757C3E /* Build configuration list for PBXNativeTarget "mini-chess" */ = {
			isa = XCConfigurationList;
			buildConfigurations = (
				2C66A90B2E70216C00757C3E /* Debug */,
				2C66A90C2E70216C00757C3E /* Release */,
			);
			defaultConfigurationIsVisible = 0;
			defaultConfigurationName = Release;
		};
		2C66A90D2E70216C00757C3E /* Build configuration list for PBXNativeTarget "mini-chessTests" */ = {
			isa = XCConfigurationList;
			buildConfigurations = (
				2C66A90E2E70216C00757C3E /* Debug */,
				2C66A90F2E70216C00757C3E /* Release */,
			);
			defaultConfigurationIsVisible = 0;
			defaultConfigurationName = Release;
		};
		2C66A9102E70216C00757C3E /* Build configuration list for PBXNativeTarget "mini-chessUITests" */ = {
			isa = XCConfigurationList;
			buildConfigurations = (
				2C66A9112E70216C00757C3E /* Debug */,
				2C66A9122E70216C00757C3E /* Release */,
			);
			defaultConfigurationIsVisible = 0;
			defaultConfigurationName = Release;
		};
/* End XCConfigurationList section */
	};
	rootObject = 2C66A8E12E70216900757C3E /* Project object */;
}
